github.com/aws/aws-sdk-go-v2/service/dynamodb v1.44.0 h1:A99gjqZDbdhjtjJVZrmVzVKO2+p3MSg35bDWtbMQVxw=
github.com/aws/aws-sdk-go-v2/service/dynamodb v1.44.0/go.mod h1:mWB0GE1bqcVSvpW7OtFA0sKuHk52+IqtnsYU2jUfYAs=
github.com/aws/smithy-go v1.22.4 h1:uqXzVZNuNexwc/xrh6Tb56u89WDlJY6HS+KC0S4QSjw=
github.com/aws/smithy-go v1.22.4/go.mod h1:t1ufH5HMublsJYulve2RKmHDC15xu1f26kHCp/HgceI=
